
Microsoft Visual Studio Solution File, Format Version 12.00
# Visual Studio 14
VisualStudioVersion = 14.0.25420.1
MinimumVisualStudioVersion = 10.0.40219.1
Project("{E24C65DC-7377-472B-9ABA-BC803B73C61A}") = "Express-Handlebars", ".", "{296F17BD-2FFC-4848-B03A-E120BBDF5999}"
	ProjectSection(WebsiteProperties) = preProject
		TargetFrameworkMoniker = ".NETFramework,Version%3Dv4.0"
		Debug.AspNetCompiler.VirtualPath = "/localhost_61352"
		Debug.AspNetCompiler.PhysicalPath = "..\Express-Handlebars\"
		Debug.AspNetCompiler.TargetPath = "PrecompiledWeb\localhost_61352\"
		Debug.AspNetCompiler.Updateable = "true"
		Debug.AspNetCompiler.ForceOverwrite = "true"
		Debug.AspNetCompiler.FixedNames = "false"
		Debug.AspNetCompiler.Debug = "True"
		Release.AspNetCompiler.VirtualPath = "/localhost_61352"
		Release.AspNetCompiler.PhysicalPath = "..\Express-Handlebars\"
		Release.AspNetCompiler.TargetPath = "PrecompiledWeb\localhost_61352\"
		Release.AspNetCompiler.Updateable = "true"
		Release.AspNetCompiler.ForceOverwrite = "true"
		Release.AspNetCompiler.FixedNames = "false"
		Release.AspNetCompiler.Debug = "False"
		VWDPort = "61352"
		SlnRelativePath = "..\Express-Handlebars\"
	EndProjectSection
EndProject
Global
	GlobalSection(SolutionConfigurationPlatforms) = preSolution
		Debug|Any CPU = Debug|Any CPU
	EndGlobalSection
	GlobalSection(ProjectConfigurationPlatforms) = postSolution
		{296F17BD-2FFC-4848-B03A-E120BBDF5999}.Debug|Any CPU.ActiveCfg = Debug|Any CPU
		{296F17BD-2FFC-4848-B03A-E120BBDF5999}.Debug|Any CPU.Build.0 = Debug|Any CPU
	EndGlobalSection
	GlobalSection(SolutionProperties) = preSolution
		HideSolutionNode = FALSE
	EndGlobalSection
EndGlobal
